// !$*UTF8*$!
{
	archiveVersion = 1;
	classes = {
	};
	objectVersion = 50;
	objects = {

/* Begin PBXBuildFile section */
		37853C74253C483C001606EA /* AppDelegate.swift in Sources */ = {isa = PBXBuildFile; fileRef = 37853C73253C483C001606EA /* AppDelegate.swift */; };
		37853C76253C483C001606EA /* SceneDelegate.swift in Sources */ = {isa = PBXBuildFile; fileRef = 37853C75253C483C001606EA /* SceneDelegate.swift */; };
		37853C78253C483C001606EA /* MainVC.swift in Sources */ = {isa = PBXBuildFile; fileRef = 37853C77253C483C001606EA /* MainVC.swift */; };
		37853C7B253C483C001606EA /* Main.storyboard in Resources */ = {isa = PBXBuildFile; fileRef = 37853C79253C483C001606EA /* Main.storyboard */; };
		37853C7D253C483D001606EA /* Assets.xcassets in Resources */ = {isa = PBXBuildFile; fileRef = 37853C7C253C483D001606EA /* Assets.xcassets */; };
		37853C80253C483D001606EA /* LaunchScreen.storyboard in Resources */ = {isa = PBXBuildFile; fileRef = 37853C7E253C483D001606EA /* LaunchScreen.storyboard */; };
		379920B3253C4D1500150A20 /* SignUpView.swift in Sources */ = {isa = PBXBuildFile; fileRef = 379920B2253C4D1500150A20 /* SignUpView.swift */; };
		379920B6253C4F0800150A20 /* Constants.swift in Sources */ = {isa = PBXBuildFile; fileRef = 379920B5253C4F0800150A20 /* Constants.swift */; };
		379920BA253C52E200150A20 /* Router.swift in Sources */ = {isa = PBXBuildFile; fileRef = 379920B9253C52E200150A20 /* Router.swift */; };
		379920BE253C564F00150A20 /* User.swift in Sources */ = {isa = PBXBuildFile; fileRef = 379920BD253C564F00150A20 /* User.swift */; };
		379920C1253C588D00150A20 /* DataValidator.swift in Sources */ = {isa = PBXBuildFile; fileRef = 379920C0253C588D00150A20 /* DataValidator.swift */; };
		379920CC253C605E00150A20 /* AlertManager.swift in Sources */ = {isa = PBXBuildFile; fileRef = 379920CB253C605E00150A20 /* AlertManager.swift */; };
		379920CF253C622400150A20 /* RequestManager.swift in Sources */ = {isa = PBXBuildFile; fileRef = 379920CE253C622400150A20 /* RequestManager.swift */; };
		379920D2253C631700150A20 /* Dictionary+Ext.swift in Sources */ = {isa = PBXBuildFile; fileRef = 379920D1253C631700150A20 /* Dictionary+Ext.swift */; };
		379920D5253C64C300150A20 /* Decoder.swift in Sources */ = {isa = PBXBuildFile; fileRef = 379920D4253C64C300150A20 /* Decoder.swift */; };
		379920D8253C64EE00150A20 /* SignUpModel.swift in Sources */ = {isa = PBXBuildFile; fileRef = 379920D7253C64EE00150A20 /* SignUpModel.swift */; };
		37F692AE253C497400637104 /* SignUpStoryboard.storyboard in Resources */ = {isa = PBXBuildFile; fileRef = 37F692AD253C497400637104 /* SignUpStoryboard.storyboard */; };
		37F692B1253C4BF300637104 /* SignUpViewController.swift in Sources */ = {isa = PBXBuildFile; fileRef = 37F692B0253C4BF300637104 /* SignUpViewController.swift */; };
/* End PBXBuildFile section */

/* Begin PBXFileReference section */
		37853C70253C483C001606EA /* Echo_TestApp.app */ = {isa = PBXFileReference; explicitFileType = wrapper.application; includeInIndex = 0; path = Echo_TestApp.app; sourceTree = BUILT_PRODUCTS_DIR; };
		37853C73253C483C001606EA /* AppDelegate.swift */ = {isa = PBXFileReference; lastKnownFileType = sourcecode.swift; path = AppDelegate.swift; sourceTree = "<group>"; };
		37853C75253C483C001606EA /* SceneDelegate.swift */ = {isa = PBXFileReference; lastKnownFileType = sourcecode.swift; path = SceneDelegate.swift; sourceTree = "<group>"; };
		37853C77253C483C001606EA /* MainVC.swift */ = {isa = PBXFileReference; lastKnownFileType = sourcecode.swift; path = MainVC.swift; sourceTree = "<group>"; };
		37853C7A253C483C001606EA /* Base */ = {isa = PBXFileReference; lastKnownFileType = file.storyboard; name = Base; path = Base.lproj/Main.storyboard; sourceTree = "<group>"; };
		37853C7C253C483D001606EA /* Assets.xcassets */ = {isa = PBXFileReference; lastKnownFileType = folder.assetcatalog; path = Assets.xcassets; sourceTree = "<group>"; };
		37853C7F253C483D001606EA /* Base */ = {isa = PBXFileReference; lastKnownFileType = file.storyboard; name = Base; path = Base.lproj/LaunchScreen.storyboard; sourceTree = "<group>"; };
		37853C81253C483D001606EA /* Info.plist */ = {isa = PBXFileReference; lastKnownFileType = text.plist.xml; path = Info.plist; sourceTree = "<group>"; };
		379920B2253C4D1500150A20 /* SignUpView.swift */ = {isa = PBXFileReference; lastKnownFileType = sourcecode.swift; path = SignUpView.swift; sourceTree = "<group>"; };
		379920B5253C4F0800150A20 /* Constants.swift */ = {isa = PBXFileReference; lastKnownFileType = sourcecode.swift; path = Constants.swift; sourceTree = "<group>"; };
		379920B9253C52E200150A20 /* Router.swift */ = {isa = PBXFileReference; lastKnownFileType = sourcecode.swift; path = Router.swift; sourceTree = "<group>"; };
		379920BD253C564F00150A20 /* User.swift */ = {isa = PBXFileReference; lastKnownFileType = sourcecode.swift; path = User.swift; sourceTree = "<group>"; };
		379920C0253C588D00150A20 /* DataValidator.swift */ = {isa = PBXFileReference; lastKnownFileType = sourcecode.swift; path = DataValidator.swift; sourceTree = "<group>"; };
		379920CB253C605E00150A20 /* AlertManager.swift */ = {isa = PBXFileReference; lastKnownFileType = sourcecode.swift; path = AlertManager.swift; sourceTree = "<group>"; };
		379920CE253C622400150A20 /* RequestManager.swift */ = {isa = PBXFileReference; lastKnownFileType = sourcecode.swift; path = RequestManager.swift; sourceTree = "<group>"; };
		379920D1253C631700150A20 /* Dictionary+Ext.swift */ = {isa = PBXFileReference; lastKnownFileType = sourcecode.swift; path = "Dictionary+Ext.swift"; sourceTree = "<group>"; };
		379920D4253C64C300150A20 /* Decoder.swift */ = {isa = PBXFileReference; lastKnownFileType = sourcecode.swift; path = Decoder.swift; sourceTree = "<group>"; };
		379920D7253C64EE00150A20 /* SignUpModel.swift */ = {isa = PBXFileReference; lastKnownFileType = sourcecode.swift; path = SignUpModel.swift; sourceTree = "<group>"; };
		37F692AD253C497400637104 /* SignUpStoryboard.storyboard */ = {isa = PBXFileReference; lastKnownFileType = file.storyboard; path = SignUpStoryboard.storyboard; sourceTree = "<group>"; };
		37F692B0253C4BF300637104 /* SignUpViewController.swift */ = {isa = PBXFileReference; lastKnownFileType = sourcecode.swift; path = SignUpViewController.swift; sourceTree = "<group>"; };
/* End PBXFileReference section */

/* Begin PBXFrameworksBuildPhase section */
		37853C6D253C483C001606EA /* Frameworks */ = {
			isa = PBXFrameworksBuildPhase;
			buildActionMask = 2147483647;
			files = (
			);
			runOnlyForDeploymentPostprocessing = 0;
		};
/* End PBXFrameworksBuildPhase section */

/* Begin PBXGroup section */
		37853C67253C483C001606EA = {
			isa = PBXGroup;
			children = (
				37853C72253C483C001606EA /* Echo_TestApp */,
				37853C71253C483C001606EA /* Products */,
			);
			sourceTree = "<group>";
		};
		37853C71253C483C001606EA /* Products */ = {
			isa = PBXGroup;
			children = (
				37853C70253C483C001606EA /* Echo_TestApp.app */,
			);
			name = Products;
			sourceTree = "<group>";
		};
		37853C72253C483C001606EA /* Echo_TestApp */ = {
			isa = PBXGroup;
			children = (
				379920C3253C58B800150A20 /* Extensions */,
				37853C89253C4854001606EA /* AppDelegate */,
				379920B8253C52D300150A20 /* Router */,
				37853C8A253C4863001606EA /* Model */,
				37853C8B253C4868001606EA /* View */,
				37853C8C253C486F001606EA /* Controller */,
				37853C8D253C4874001606EA /* Storyboards */,
				37853C8E253C487E001606EA /* Resources */,
				37853C8F253C4884001606EA /* Supporting Files */,
				37853C81253C483D001606EA /* Info.plist */,
			);
			path = Echo_TestApp;
			sourceTree = "<group>";
		};
		37853C89253C4854001606EA /* AppDelegate */ = {
			isa = PBXGroup;
			children = (
				37853C73253C483C001606EA /* AppDelegate.swift */,
				37853C75253C483C001606EA /* SceneDelegate.swift */,
			);
			path = AppDelegate;
			sourceTree = "<group>";
		};
		37853C8A253C4863001606EA /* Model */ = {
			isa = PBXGroup;
			children = (
				379920BD253C564F00150A20 /* User.swift */,
				379920D7253C64EE00150A20 /* SignUpModel.swift */,
			);
			path = Model;
			sourceTree = "<group>";
		};
		37853C8B253C4868001606EA /* View */ = {
			isa = PBXGroup;
			children = (
				379920B2253C4D1500150A20 /* SignUpView.swift */,
			);
			path = View;
			sourceTree = "<group>";
		};
		37853C8C253C486F001606EA /* Controller */ = {
			isa = PBXGroup;
			children = (
				37853C77253C483C001606EA /* MainVC.swift */,
				37F692B0253C4BF300637104 /* SignUpViewController.swift */,
			);
			path = Controller;
			sourceTree = "<group>";
		};
		37853C8D253C4874001606EA /* Storyboards */ = {
			isa = PBXGroup;
			children = (
				37853C79253C483C001606EA /* Main.storyboard */,
				37853C7E253C483D001606EA /* LaunchScreen.storyboard */,
				37F692AD253C497400637104 /* SignUpStoryboard.storyboard */,
			);
			path = Storyboards;
			sourceTree = "<group>";
		};
		37853C8E253C487E001606EA /* Resources */ = {
			isa = PBXGroup;
			children = (
				37853C7C253C483D001606EA /* Assets.xcassets */,
			);
			path = Resources;
			sourceTree = "<group>";
		};
		37853C8F253C4884001606EA /* Supporting Files */ = {
			isa = PBXGroup;
			children = (
				379920B5253C4F0800150A20 /* Constants.swift */,
				379920C0253C588D00150A20 /* DataValidator.swift */,
				379920CB253C605E00150A20 /* AlertManager.swift */,
				379920CE253C622400150A20 /* RequestManager.swift */,
				379920D4253C64C300150A20 /* Decoder.swift */,
			);
			path = "Supporting Files";
			sourceTree = "<group>";
		};
		379920B8253C52D300150A20 /* Router */ = {
			isa = PBXGroup;
			children = (
				379920B9253C52E200150A20 /* Router.swift */,
			);
			path = Router;
			sourceTree = "<group>";
		};
		379920C3253C58B800150A20 /* Extensions */ = {
			isa = PBXGroup;
			children = (
				379920D1253C631700150A20 /* Dictionary+Ext.swift */,
			);
			path = Extensions;
			sourceTree = "<group>";
		};
/* End PBXGroup section */

/* Begin PBXNativeTarget section */
		37853C6F253C483C001606EA /* Echo_TestApp */ = {
			isa = PBXNativeTarget;
			buildConfigurationList = 37853C84253C483D001606EA /* Build configuration list for PBXNativeTarget "Echo_TestApp" */;
			buildPhases = (
				37853C6C253C483C001606EA /* Sources */,
				37853C6D253C483C001606EA /* Frameworks */,
				37853C6E253C483C001606EA /* Resources */,
			);
			buildRules = (
			);
			dependencies = (
			);
			name = Echo_TestApp;
			productName = Echo_TestApp;
			productReference = 37853C70253C483C001606EA /* Echo_TestApp.app */;
			productType = "com.apple.product-type.application";
		};
/* End PBXNativeTarget section */

/* Begin PBXProject section */
		37853C68253C483C001606EA /* Project object */ = {
			isa = PBXProject;
			attributes = {
				LastSwiftUpdateCheck = 1200;
				LastUpgradeCheck = 1200;
				TargetAttributes = {
					37853C6F253C483C001606EA = {
						CreatedOnToolsVersion = 12.0.1;
					};
				};
			};
			buildConfigurationList = 37853C6B253C483C001606EA /* Build configuration list for PBXProject "Echo_TestApp" */;
			compatibilityVersion = "Xcode 9.3";
			developmentRegion = en;
			hasScannedForEncodings = 0;
			knownRegions = (
				en,
				Base,
			);
			mainGroup = 37853C67253C483C001606EA;
			productRefGroup = 37853C71253C483C001606EA /* Products */;
			projectDirPath = "";
			projectRoot = "";
			targets = (
				37853C6F253C483C001606EA /* Echo_TestApp */,
			);
		};
/* End PBXProject section */

/* Begin PBXResourcesBuildPhase section */
		37853C6E253C483C001606EA /* Resources */ = {
			isa = PBXResourcesBuildPhase;
			buildActionMask = 2147483647;
			files = (
				37853C80253C483D001606EA /* LaunchScreen.storyboard in Resources */,
				37F692AE253C497400637104 /* SignUpStoryboard.storyboard in Resources */,
				37853C7D253C483D001606EA /* Assets.xcassets in Resources */,
				37853C7B253C483C001606EA /* Main.storyboard in Resources */,
			);
			runOnlyForDeploymentPostprocessing = 0;
		};
/* End PBXResourcesBuildPhase section */

/* Begin PBXSourcesBuildPhase section */
		37853C6C253C483C001606EA /* Sources */ = {
			isa = PBXSourcesBuildPhase;
			buildActionMask = 2147483647;
			files = (
				37853C78253C483C001606EA /* MainVC.swift in Sources */,
				379920D8253C64EE00150A20 /* SignUpModel.swift in Sources */,
				379920D2253C631700150A20 /* Dictionary+Ext.swift in Sources */,
				379920B3253C4D1500150A20 /* SignUpView.swift in Sources */,
				379920CC253C605E00150A20 /* AlertManager.swift in Sources */,
				37853C74253C483C001606EA /* AppDelegate.swift in Sources */,
				379920BA253C52E200150A20 /* Router.swift in Sources */,
				379920BE253C564F00150A20 /* User.swift in Sources */,
				37F692B1253C4BF300637104 /* SignUpViewController.swift in Sources */,
				379920CF253C622400150A20 /* RequestManager.swift in Sources */,
				37853C76253C483C001606EA /* SceneDelegate.swift in Sources */,
				379920C1253C588D00150A20 /* DataValidator.swift in Sources */,
				379920B6253C4F0800150A20 /* Constants.swift in Sources */,
				379920D5253C64C300150A20 /* Decoder.swift in Sources */,
			);
			runOnlyForDeploymentPostprocessing = 0;
		};
/* End PBXSourcesBuildPhase section */

/* Begin PBXVariantGroup section */
		37853C79253C483C001606EA /* Main.storyboard */ = {
			isa = PBXVariantGroup;
			children = (
				37853C7A253C483C001606EA /* Base */,
			);
			name = Main.storyboard;
			sourceTree = "<group>";
		};
		37853C7E253C483D001606EA /* LaunchScreen.storyboard */ = {
			isa = PBXVariantGroup;
			children = (
				37853C7F253C483D001606EA /* Base */,
			);
			name = LaunchScreen.storyboard;
			sourceTree = "<group>";
		};
/* End PBXVariantGroup section */

/* Begin XCBuildConfiguration section */
		37853C82253C483D001606EA /* Debug */ = {
			isa = XCBuildConfiguration;
			buildSettings = {
				ALWAYS_SEARCH_USER_PATHS = NO;
				CLANG_ANALYZER_NONNULL = YES;
				CLANG_ANALYZER_NUMBER_OBJECT_CONVERSION = YES_AGGRESSIVE;
				CLANG_CXX_LANGUAGE_STANDARD = "gnu++14";
				CLANG_CXX_LIBRARY = "libc++";
				CLANG_ENABLE_MODULES = YES;
				CLANG_ENABLE_OBJC_ARC = YES;
				CLANG_ENABLE_OBJC_WEAK = YES;
				CLANG_WARN_BLOCK_CAPTURE_AUTORELEASING = YES;
				CLANG_WARN_BOOL_CONVERSION = YES;
				CLANG_WARN_COMMA = YES;
				CLANG_WARN_CONSTANT_CONVERSION = YES;
				CLANG_WARN_DEPRECATED_OBJC_IMPLEMENTATIONS = YES;
				CLANG_WARN_DIRECT_OBJC_ISA_USAGE = YES_ERROR;
				CLANG_WARN_DOCUMENTATION_COMMENTS = YES;
				CLANG_WARN_EMPTY_BODY = YES;
				CLANG_WARN_ENUM_CONVERSION = YES;
				CLANG_WARN_INFINITE_RECURSION = YES;
				CLANG_WARN_INT_CONVERSION = YES;
				CLANG_WARN_NON_LITERAL_NULL_CONVERSION = YES;
				CLANG_WARN_OBJC_IMPLICIT_RETAIN_SELF = YES;
				CLANG_WARN_OBJC_LITERAL_CONVERSION = YES;
				CLANG_WARN_OBJC_ROOT_CLASS = YES_ERROR;
				CLANG_WARN_QUOTED_INCLUDE_IN_FRAMEWORK_HEADER = YES;
				CLANG_WARN_RANGE_LOOP_ANALYSIS = YES;
				CLANG_WARN_STRICT_PROTOTYPES = YES;
				CLANG_WARN_SUSPICIOUS_MOVE = YES;
				CLANG_WARN_UNGUARDED_AVAILABILITY = YES_AGGRESSIVE;
				CLANG_WARN_UNREACHABLE_CODE = YES;
				CLANG_WARN__DUPLICATE_METHOD_MATCH = YES;
				COPY_PHASE_STRIP = NO;
				DEBUG_INFORMATION_FORMAT = dwarf;
				ENABLE_STRICT_OBJC_MSGSEND = YES;
				ENABLE_TESTABILITY = YES;
				GCC_C_LANGUAGE_STANDARD = gnu11;
				GCC_DYNAMIC_NO_PIC = NO;
				GCC_NO_COMMON_BLOCKS = YES;
				GCC_OPTIMIZATION_LEVEL = 0;
				GCC_PREPROCESSOR_DEFINITIONS = (
					"DEBUG=1",
					"$(inherited)",
				);
				GCC_WARN_64_TO_32_BIT_CONVERSION = YES;
				GCC_WARN_ABOUT_RETURN_TYPE = YES_ERROR;
				GCC_WARN_UNDECLARED_SELECTOR = YES;
				GCC_WARN_UNINITIALIZED_AUTOS = YES_AGGRESSIVE;
				GCC_WARN_UNUSED_FUNCTION = YES;
				GCC_WARN_UNUSED_VARIABLE = YES;
				IPHONEOS_DEPLOYMENT_TARGET = 14.0;
				MTL_ENABLE_DEBUG_INFO = INCLUDE_SOURCE;
				MTL_FAST_MATH = YES;
				ONLY_ACTIVE_ARCH = YES;
				SDKROOT = iphoneos;
				SWIFT_ACTIVE_COMPILATION_CONDITIONS = DEBUG;
				SWIFT_OPTIMIZATION_LEVEL = "-Onone";
			};
			name = Debug;
		};
		37853C83253C483D001606EA /* Release */ = {
			isa = XCBuildConfiguration;
			buildSettings = {
				ALWAYS_SEARCH_USER_PATHS = NO;
				CLANG_ANALYZER_NONNULL = YES;
				CLANG_ANALYZER_NUMBER_OBJECT_CONVERSION = YES_AGGRESSIVE;
				CLANG_CXX_LANGUAGE_STANDARD = "gnu++14";
				CLANG_CXX_LIBRARY = "libc++";
				CLANG_ENABLE_MODULES = YES;
				CLANG_ENABLE_OBJC_ARC = YES;
				CLANG_ENABLE_OBJC_WEAK = YES;
				CLANG_WARN_BLOCK_CAPTURE_AUTORELEASING = YES;
				CLANG_WARN_BOOL_CONVERSION = YES;
				CLANG_WARN_COMMA = YES;
				CLANG_WARN_CONSTANT_CONVERSION = YES;
				CLANG_WARN_DEPRECATED_OBJC_IMPLEMENTATIONS = YES;
				CLANG_WARN_DIRECT_OBJC_ISA_USAGE = YES_ERROR;
				CLANG_WARN_DOCUMENTATION_COMMENTS = YES;
				CLANG_WARN_EMPTY_BODY = YES;
				CLANG_WARN_ENUM_CONVERSION = YES;
				CLANG_WARN_INFINITE_RECURSION = YES;
				CLANG_WARN_INT_CONVERSION = YES;
				CLANG_WARN_NON_LITERAL_NULL_CONVERSION = YES;
				CLANG_WARN_OBJC_IMPLICIT_RETAIN_SELF = YES;
				CLANG_WARN_OBJC_LITERAL_CONVERSION = YES;
				CLANG_WARN_OBJC_ROOT_CLASS = YES_ERROR;
				CLANG_WARN_QUOTED_INCLUDE_IN_FRAMEWORK_HEADER = YES;
				CLANG_WARN_RANGE_LOOP_ANALYSIS = YES;
				CLANG_WARN_STRICT_PROTOTYPES = YES;
				CLANG_WARN_SUSPICIOUS_MOVE = YES;
				CLANG_WARN_UNGUARDED_AVAILABILITY = YES_AGGRESSIVE;
				CLANG_WARN_UNREACHABLE_CODE = YES;
				CLANG_WARN__DUPLICATE_METHOD_MATCH = YES;
				COPY_PHASE_STRIP = NO;
				DEBUG_INFORMATION_FORMAT = "dwarf-with-dsym";
				ENABLE_NS_ASSERTIONS = NO;
				ENABLE_STRICT_OBJC_MSGSEND = YES;
				GCC_C_LANGUAGE_STANDARD = gnu11;
				GCC_NO_COMMON_BLOCKS = YES;
				GCC_WARN_64_TO_32_BIT_CONVERSION = YES;
				GCC_WARN_ABOUT_RETURN_TYPE = YES_ERROR;
				GCC_WARN_UNDECLARED_SELECTOR = YES;
				GCC_WARN_UNINITIALIZED_AUTOS = YES_AGGRESSIVE;
				GCC_WARN_UNUSED_FUNCTION = YES;
				GCC_WARN_UNUSED_VARIABLE = YES;
				IPHONEOS_DEPLOYMENT_TARGET = 14.0;
				MTL_ENABLE_DEBUG_INFO = NO;
				MTL_FAST_MATH = YES;
				SDKROOT = iphoneos;
				SWIFT_COMPILATION_MODE = wholemodule;
				SWIFT_OPTIMIZATION_LEVEL = "-O";
				VALIDATE_PRODUCT = YES;
			};
			name = Release;
		};
		37853C85253C483D001606EA /* Debug */ = {
			isa = XCBuildConfiguration;
			buildSettings = {
				ASSETCATALOG_COMPILER_APPICON_NAME = AppIcon;
				ASSETCATALOG_COMPILER_GLOBAL_ACCENT_COLOR_NAME = AccentColor;
				CODE_SIGN_STYLE = Automatic;
				DEVELOPMENT_TEAM = 452BPWXS55;
				INFOPLIST_FILE = Echo_TestApp/Info.plist;
				IPHONEOS_DEPLOYMENT_TARGET = 13.0;
				LD_RUNPATH_SEARCH_PATHS = (
					"$(inherited)",
					"@executable_path/Frameworks",
				);
				PRODUCT_BUNDLE_IDENTIFIER = "com.den444ick.Echo-TestApp";
				PRODUCT_NAME = "$(TARGET_NAME)";
				SWIFT_VERSION = 5.0;
				TARGETED_DEVICE_FAMILY = 1;
			};
			name = Debug;
		};
		37853C86253C483D001606EA /* Release */ = {
			isa = XCBuildConfiguration;
			buildSettings = {
				ASSETCATALOG_COMPILER_APPICON_NAME = AppIcon;
				ASSETCATALOG_COMPILER_GLOBAL_ACCENT_COLOR_NAME = AccentColor;
				CODE_SIGN_STYLE = Automatic;
				DEVELOPMENT_TEAM = 452BPWXS55;
				INFOPLIST_FILE = Echo_TestApp/Info.plist;
				IPHONEOS_DEPLOYMENT_TARGET = 13.0;
				LD_RUNPATH_SEARCH_PATHS = (
					"$(inherited)",
					"@executable_path/Frameworks",
				);
				PRODUCT_BUNDLE_IDENTIFIER = "com.den444ick.Echo-TestApp";
				PRODUCT_NAME = "$(TARGET_NAME)";
				SWIFT_VERSION = 5.0;
				TARGETED_DEVICE_FAMILY = 1;
			};
			name = Release;
		};
/* End XCBuildConfiguration section */

/* Begin XCConfigurationList section */
		37853C6B253C483C001606EA /* Build configuration list for PBXProject "Echo_TestApp" */ = {
			isa = XCConfigurationList;
			buildConfigurations = (
				37853C82253C483D001606EA /* Debug */,
				37853C83253C483D001606EA /* Release */,
			);
			defaultConfigurationIsVisible = 0;
			defaultConfigurationName = Release;
		};
		37853C84253C483D001606EA /* Build configuration list for PBXNativeTarget "Echo_TestApp" */ = {
			isa = XCConfigurationList;
			buildConfigurations = (
				37853C85253C483D001606EA /* Debug */,
				37853C86253C483D001606EA /* Release */,
			);
			defaultConfigurationIsVisible = 0;
			defaultConfigurationName = Release;
		};
/* End XCConfigurationList section */
	};
	rootObject = 37853C68253C483C001606EA /* Project object */;
}
